
Microsoft Visual Studio Solution File, Format Version 12.00
# Visual Studio Version 17
VisualStudioVersion = 17.7.34031.279
MinimumVisualStudioVersion = 10.0.40219.1
Project("{FAE04EC0-301F-11D3-BF4B-00C04F79EFBC}") = "oefening01_01", "oefening01_01.csproj", "{0953E322-3ACD-4560-BDB3-FD37766DACDA}"
EndProject
Global
	GlobalSection(SolutionConfigurationPlatforms) = preSolution
		Debug|Any CPU = Debug|Any CPU
		Release|Any CPU = Release|Any CPU
	EndGlobalSection
	GlobalSection(ProjectConfigurationPlatforms) = postSolution
		{0953E322-3ACD-4560-BDB3-FD37766DACDA}.Debug|Any CPU.ActiveCfg = Debug|Any CPU
		{0953E322-3ACD-4560-BDB3-FD37766DACDA}.Debug|Any CPU.Build.0 = Debug|Any CPU
		{0953E322-3ACD-4560-BDB3-FD37766DACDA}.Release|Any CPU.ActiveCfg = Release|Any CPU
		{0953E322-3ACD-4560-BDB3-FD37766DACDA}.Release|Any CPU.Build.0 = Release|Any CPU
	EndGlobalSection
	GlobalSection(SolutionProperties) = preSolution
		HideSolutionNode = FALSE
	EndGlobalSection
	GlobalSection(ExtensibilityGlobals) = postSolution
		SolutionGuid = {6EA2F69D-F161-4C8F-BA3C-CC5DE50FB075}
	EndGlobalSection
EndGlobal
